
Microsoft Visual Studio Solution File, Format Version 12.00
# Visual Studio Version 16
VisualStudioVersion = 16.0.30225.117
MinimumVisualStudioVersion = 10.0.40219.1
Project("{FAE04EC0-301F-11D3-BF4B-00C04F79EFBC}") = "DictionaryCoder", "DictionaryCoder.csproj", "{1AC1B27B-2A80-4B67-9514-1019A16C15D0}"
EndProject
Global
	GlobalSection(SolutionConfigurationPlatforms) = preSolution
		Debug|Any CPU = Debug|Any CPU
		Release|Any CPU = Release|Any CPU
	EndGlobalSection
	GlobalSection(ProjectConfigurationPlatforms) = postSolution
		{1AC1B27B-2A80-4B67-9514-1019A16C15D0}.Debug|Any CPU.ActiveCfg = Debug|Any CPU
		{1AC1B27B-2A80-4B67-9514-1019A16C15D0}.Debug|Any CPU.Build.0 = Debug|Any CPU
		{1AC1B27B-2A80-4B67-9514-1019A16C15D0}.Release|Any CPU.ActiveCfg = Release|Any CPU
		{1AC1B27B-2A80-4B67-9514-1019A16C15D0}.Release|Any CPU.Build.0 = Release|Any CPU
	EndGlobalSection
	GlobalSection(SolutionProperties) = preSolution
		HideSolutionNode = FALSE
	EndGlobalSection
	GlobalSection(ExtensibilityGlobals) = postSolution
		SolutionGuid = {792BE829-6134-4FC8-8209-5215E7C08DB0}
	EndGlobalSection
EndGlobal
